
Microsoft Visual Studio Solution File, Format Version 12.00
# Visual Studio 15
VisualStudioVersion = 15.0.28307.106
MinimumVisualStudioVersion = 10.0.40219.1
Project("{9A19103F-16F7-4668-BE54-9A1E7A4F7556}") = "CookieBased", "CookieBased\CookieBased.csproj", "{90BD5CA0-1596-4190-9904-29CEFD80BAEF}"
EndProject
Global
	GlobalSection(SolutionConfigurationPlatforms) = preSolution
		Debug|Any CPU = Debug|Any CPU
		Release|Any CPU = Release|Any CPU
	EndGlobalSection
	GlobalSection(ProjectConfigurationPlatforms) = postSolution
		{90BD5CA0-1596-4190-9904-29CEFD80BAEF}.Debug|Any CPU.ActiveCfg = Debug|Any CPU
		{90BD5CA0-1596-4190-9904-29CEFD80BAEF}.Debug|Any CPU.Build.0 = Debug|Any CPU
		{90BD5CA0-1596-4190-9904-29CEFD80BAEF}.Release|Any CPU.ActiveCfg = Release|Any CPU
		{90BD5CA0-1596-4190-9904-29CEFD80BAEF}.Release|Any CPU.Build.0 = Release|Any CPU
	EndGlobalSection
	GlobalSection(SolutionProperties) = preSolution
		HideSolutionNode = FALSE
	EndGlobalSection
	GlobalSection(ExtensibilityGlobals) = postSolution
		SolutionGuid = {7D449791-529D-4942-A757-EA13B844E2B7}
	EndGlobalSection
EndGlobal
